<Solution>
  <Project Path="UnityEditor.TestRunner.csproj" />
  <Project Path="UnityEngine.TestRunner.csproj" />
  <Project Path="Unity.VisualStudio.Editor.csproj" />
  <Project Path="Unity.Rider.Editor.csproj" />
  <Project Path="Assembly-CSharp-Editor.csproj" />
  <Project Path="Palapal.IssueConsole.Editor.csproj" />
  <Project Path="Palapal.IssueConsole.Runtime.csproj" />
</Solution>
